{
  "name": "opencode",
  "lockfileVersion": 3,
  "requires": true,
  "packages": {
    "": {
      "dependencies": {
        "@opencode-ai/plugin": "1.1.31"
      }
    },
    "node_modules/@opencode-ai/plugin": {
      "version": "1.1.31",
      "resolved": "https://registry.npmjs.org/@opencode-ai/plugin/-/plugin-1.1.31.tgz",
      "integrity": "sha512-9ArzJjHIKzmph3ySM5+hm5yNy9K6Xlkq4mtgDKdj0KIAHJyIShbxeWopzzpfZ2mvbCg1W0B7UuJ9KR13MxIaUQ==",
      "license": "MIT",
      "dependencies": {
        "@opencode-ai/sdk": "1.1.31",
        "zod": "4.1.8"
      }
    },
    "node_modules/@opencode-ai/sdk": {
      "version": "1.1.31",
      "resolved": "https://registry.npmjs.org/@opencode-ai/sdk/-/sdk-1.1.31.tgz",
      "integrity": "sha512-u273CSLeNEqmE3suulCrXDLzJzW1dfFeRheUjnfwSvmhSpf6UqM4em4MpV2CBB2WoyC0VvWg8rNwSkvDzPmEdw==",
      "license": "MIT"
    },
    "node_modules/zod": {
      "version": "4.1.8",
      "resolved": "https://registry.npmjs.org/zod/-/zod-4.1.8.tgz",
      "integrity": "sha512-5R1P+WwQqmmMIEACyzSvo4JXHY5WiAFHRMg+zBZKgKS+Q1viRa0C1hmUKtHltoIFKtIdki3pRxkmpP74jnNYHQ==",
      "license": "MIT",
      "funding": {
        "url": "https://github.com/sponsors/colinhacks"
      }
    }
  }
}
